// !$*UTF8*$!
{
	archiveVersion = 1;
	classes = {
	};
	objectVersion = 50;
	objects = {

/* Begin PBXBuildFile section */
		9EA8F674D55A3E82D9DB063C /* Pods_renovate_test_public.framework in Frameworks */ = {isa = PBXBuildFile; fileRef = DBD79B5DE2C48FD1E11CA48E /* Pods_renovate_test_public.framework */; };
		DAE9C2BA26806BE10016680D /* AppDelegate.swift in Sources */ = {isa = PBXBuildFile; fileRef = DAE9C2B926806BE10016680D /* AppDelegate.swift */; };
		DAE9C2BC26806BE10016680D /* SceneDelegate.swift in Sources */ = {isa = PBXBuildFile; fileRef = DAE9C2BB26806BE10016680D /* SceneDelegate.swift */; };
		DAE9C2BE26806BE10016680D /* ContentView.swift in Sources */ = {isa = PBXBuildFile; fileRef = DAE9C2BD26806BE10016680D /* ContentView.swift */; };
		DAE9C2C026806BE50016680D /* Assets.xcassets in Resources */ = {isa = PBXBuildFile; fileRef = DAE9C2BF26806BE50016680D /* Assets.xcassets */; };
		DAE9C2C326806BE50016680D /* Preview Assets.xcassets in Resources */ = {isa = PBXBuildFile; fileRef = DAE9C2C226806BE50016680D /* Preview Assets.xcassets */; };
		DAE9C2C626806BE50016680D /* LaunchScreen.storyboard in Resources */ = {isa = PBXBuildFile; fileRef = DAE9C2C426806BE50016680D /* LaunchScreen.storyboard */; };
/* End PBXBuildFile section */

/* Begin PBXFileReference section */
		0F99D11CF8ED5CB28B7A54CD /* Pods-renovate_test_public.debug.xcconfig */ = {isa = PBXFileReference; includeInIndex = 1; lastKnownFileType = text.xcconfig; name = "Pods-renovate_test_public.debug.xcconfig"; path = "Target Support Files/Pods-renovate_test_public/Pods-renovate_test_public.debug.xcconfig"; sourceTree = "<group>"; };
		AC508D4E853A2DD0FFB67653 /* Pods-renovate_test_public.release.xcconfig */ = {isa = PBXFileReference; includeInIndex = 1; lastKnownFileType = text.xcconfig; name = "Pods-renovate_test_public.release.xcconfig"; path = "Target Support Files/Pods-renovate_test_public/Pods-renovate_test_public.release.xcconfig"; sourceTree = "<group>"; };
		DAE9C2B626806BE10016680D /* renovate_test_public.app */ = {isa = PBXFileReference; explicitFileType = wrapper.application; includeInIndex = 0; path = renovate_test_public.app; sourceTree = BUILT_PRODUCTS_DIR; };
		DAE9C2B926806BE10016680D /* AppDelegate.swift */ = {isa = PBXFileReference; lastKnownFileType = sourcecode.swift; path = AppDelegate.swift; sourceTree = "<group>"; };
		DAE9C2BB26806BE10016680D /* SceneDelegate.swift */ = {isa = PBXFileReference; lastKnownFileType = sourcecode.swift; path = SceneDelegate.swift; sourceTree = "<group>"; };
		DAE9C2BD26806BE10016680D /* ContentView.swift */ = {isa = PBXFileReference; lastKnownFileType = sourcecode.swift; path = ContentView.swift; sourceTree = "<group>"; };
		DAE9C2BF26806BE50016680D /* Assets.xcassets */ = {isa = PBXFileReference; lastKnownFileType = folder.assetcatalog; path = Assets.xcassets; sourceTree = "<group>"; };
		DAE9C2C226806BE50016680D /* Preview Assets.xcassets */ = {isa = PBXFileReference; lastKnownFileType = folder.assetcatalog; path = "Preview Assets.xcassets"; sourceTree = "<group>"; };
		DAE9C2C526806BE50016680D /* Base */ = {isa = PBXFileReference; lastKnownFileType = file.storyboard; name = Base; path = Base.lproj/LaunchScreen.storyboard; sourceTree = "<group>"; };
		DAE9C2C726806BE50016680D /* Info.plist */ = {isa = PBXFileReference; lastKnownFileType = text.plist.xml; path = Info.plist; sourceTree = "<group>"; };
		DBD79B5DE2C48FD1E11CA48E /* Pods_renovate_test_public.framework */ = {isa = PBXFileReference; explicitFileType = wrapper.framework; includeInIndex = 0; path = Pods_renovate_test_public.framework; sourceTree = BUILT_PRODUCTS_DIR; };
/* End PBXFileReference section */

/* Begin PBXFrameworksBuildPhase section */
		DAE9C2B326806BE10016680D /* Frameworks */ = {
			isa = PBXFrameworksBuildPhase;
			buildActionMask = 2147483647;
			files = (
				9EA8F674D55A3E82D9DB063C /* Pods_renovate_test_public.framework in Frameworks */,
			);
			runOnlyForDeploymentPostprocessing = 0;
		};
/* End PBXFrameworksBuildPhase section */

/* Begin PBXGroup section */
		6E7E5BF282F05A87BF7D4DC9 /* Pods */ = {
			isa = PBXGroup;
			children = (
				0F99D11CF8ED5CB28B7A54CD /* Pods-renovate_test_public.debug.xcconfig */,
				AC508D4E853A2DD0FFB67653 /* Pods-renovate_test_public.release.xcconfig */,
			);
			name = Pods;
			path = Pods;
			sourceTree = "<group>";
		};
		BF041B22A34086F934EF29A8 /* Frameworks */ = {
			isa = PBXGroup;
			children = (
				DBD79B5DE2C48FD1E11CA48E /* Pods_renovate_test_public.framework */,
			);
			name = Frameworks;
			sourceTree = "<group>";
		};
		DAE9C2AD26806BE10016680D = {
			isa = PBXGroup;
			children = (
				DAE9C2B826806BE10016680D /* renovate_test_public */,
				DAE9C2B726806BE10016680D /* Products */,
				6E7E5BF282F05A87BF7D4DC9 /* Pods */,
				BF041B22A34086F934EF29A8 /* Frameworks */,
			);
			sourceTree = "<group>";
		};
		DAE9C2B726806BE10016680D /* Products */ = {
			isa = PBXGroup;
			children = (
				DAE9C2B626806BE10016680D /* renovate_test_public.app */,
			);
			name = Products;
			sourceTree = "<group>";
		};
		DAE9C2B826806BE10016680D /* renovate_test_public */ = {
			isa = PBXGroup;
			children = (
				DAE9C2B926806BE10016680D /* AppDelegate.swift */,
				DAE9C2BB26806BE10016680D /* SceneDelegate.swift */,
				DAE9C2BD26806BE10016680D /* ContentView.swift */,
				DAE9C2BF26806BE50016680D /* Assets.xcassets */,
				DAE9C2C426806BE50016680D /* LaunchScreen.storyboard */,
				DAE9C2C726806BE50016680D /* Info.plist */,
				DAE9C2C126806BE50016680D /* Preview Content */,
			);
			path = renovate_test_public;
			sourceTree = "<group>";
		};
		DAE9C2C126806BE50016680D /* Preview Content */ = {
			isa = PBXGroup;
			children = (
				DAE9C2C226806BE50016680D /* Preview Assets.xcassets */,
			);
			path = "Preview Content";
			sourceTree = "<group>";
		};
/* End PBXGroup section */

/* Begin PBXNativeTarget section */
		DAE9C2B526806BE10016680D /* renovate_test_public */ = {
			isa = PBXNativeTarget;
			buildConfigurationList = DAE9C2CA26806BE50016680D /* Build configuration list for PBXNativeTarget "renovate_test_public" */;
			buildPhases = (
				30727C48B93152CE2F0BEAF5 /* [CP] Check Pods Manifest.lock */,
				DAE9C2B226806BE10016680D /* Sources */,
				DAE9C2B326806BE10016680D /* Frameworks */,
				DAE9C2B426806BE10016680D /* Resources */,
				228B9CABC26985E906D4D56F /* [CP] Embed Pods Frameworks */,
			);
			buildRules = (
			);
			dependencies = (
			);
			name = renovate_test_public;
			productName = renovate_test_public;
			productReference = DAE9C2B626806BE10016680D /* renovate_test_public.app */;
			productType = "com.apple.product-type.application";
		};
/* End PBXNativeTarget section */

/* Begin PBXProject section */
		DAE9C2AE26806BE10016680D /* Project object */ = {
			isa = PBXProject;
			attributes = {
				LastSwiftUpdateCheck = 1250;
				LastUpgradeCheck = 1250;
				TargetAttributes = {
					DAE9C2B526806BE10016680D = {
						CreatedOnToolsVersion = 12.5;
					};
				};
			};
			buildConfigurationList = DAE9C2B126806BE10016680D /* Build configuration list for PBXProject "renovate_test_public" */;
			compatibilityVersion = "Xcode 9.3";
			developmentRegion = en;
			hasScannedForEncodings = 0;
			knownRegions = (
				en,
				Base,
			);
			mainGroup = DAE9C2AD26806BE10016680D;
			productRefGroup = DAE9C2B726806BE10016680D /* Products */;
			projectDirPath = "";
			projectRoot = "";
			targets = (
				DAE9C2B526806BE10016680D /* renovate_test_public */,
			);
		};
/* End PBXProject section */

/* Begin PBXResourcesBuildPhase section */
		DAE9C2B426806BE10016680D /* Resources */ = {
			isa = PBXResourcesBuildPhase;
			buildActionMask = 2147483647;
			files = (
				DAE9C2C626806BE50016680D /* LaunchScreen.storyboard in Resources */,
				DAE9C2C326806BE50016680D /* Preview Assets.xcassets in Resources */,
				DAE9C2C026806BE50016680D /* Assets.xcassets in Resources */,
			);
			runOnlyForDeploymentPostprocessing = 0;
		};
/* End PBXResourcesBuildPhase section */

/* Begin PBXShellScriptBuildPhase section */
		228B9CABC26985E906D4D56F /* [CP] Embed Pods Frameworks */ = {
			isa = PBXShellScriptBuildPhase;
			buildActionMask = 2147483647;
			files = (
			);
			inputFileListPaths = (
				"${PODS_ROOT}/Target Support Files/Pods-renovate_test_public/Pods-renovate_test_public-frameworks-${CONFIGURATION}-input-files.xcfilelist",
			);
			name = "[CP] Embed Pods Frameworks";
			outputFileListPaths = (
				"${PODS_ROOT}/Target Support Files/Pods-renovate_test_public/Pods-renovate_test_public-frameworks-${CONFIGURATION}-output-files.xcfilelist",
			);
			runOnlyForDeploymentPostprocessing = 0;
			shellPath = /bin/sh;
			shellScript = "\"${PODS_ROOT}/Target Support Files/Pods-renovate_test_public/Pods-renovate_test_public-frameworks.sh\"\n";
			showEnvVarsInLog = 0;
		};
		30727C48B93152CE2F0BEAF5 /* [CP] Check Pods Manifest.lock */ = {
			isa = PBXShellScriptBuildPhase;
			buildActionMask = 2147483647;
			files = (
			);
			inputFileListPaths = (
			);
			inputPaths = (
				"${PODS_PODFILE_DIR_PATH}/Podfile.lock",
				"${PODS_ROOT}/Manifest.lock",
			);
			name = "[CP] Check Pods Manifest.lock";
			outputFileListPaths = (
			);
			outputPaths = (
				"$(DERIVED_FILE_DIR)/Pods-renovate_test_public-checkManifestLockResult.txt",
			);
			runOnlyForDeploymentPostprocessing = 0;
			shellPath = /bin/sh;
			shellScript = "diff \"${PODS_PODFILE_DIR_PATH}/Podfile.lock\" \"${PODS_ROOT}/Manifest.lock\" > /dev/null\nif [ $? != 0 ] ; then\n    # print error to STDERR\n    echo \"error: The sandbox is not in sync with the Podfile.lock. Run 'pod install' or update your CocoaPods installation.\" >&2\n    exit 1\nfi\n# This output is used by Xcode 'outputs' to avoid re-running this script phase.\necho \"SUCCESS\" > \"${SCRIPT_OUTPUT_FILE_0}\"\n";
			showEnvVarsInLog = 0;
		};
/* End PBXShellScriptBuildPhase section */

/* Begin PBXSourcesBuildPhase section */
		DAE9C2B226806BE10016680D /* Sources */ = {
			isa = PBXSourcesBuildPhase;
			buildActionMask = 2147483647;
			files = (
				DAE9C2BA26806BE10016680D /* AppDelegate.swift in Sources */,
				DAE9C2BC26806BE10016680D /* SceneDelegate.swift in Sources */,
				DAE9C2BE26806BE10016680D /* ContentView.swift in Sources */,
			);
			runOnlyForDeploymentPostprocessing = 0;
		};
/* End PBXSourcesBuildPhase section */

/* Begin PBXVariantGroup section */
		DAE9C2C426806BE50016680D /* LaunchScreen.storyboard */ = {
			isa = PBXVariantGroup;
			children = (
				DAE9C2C526806BE50016680D /* Base */,
			);
			name = LaunchScreen.storyboard;
			sourceTree = "<group>";
		};
/* End PBXVariantGroup section */

/* Begin XCBuildConfiguration section */
		DAE9C2C826806BE50016680D /* Debug */ = {
			isa = XCBuildConfiguration;
			buildSettings = {
				ALWAYS_SEARCH_USER_PATHS = NO;
				CLANG_ANALYZER_NONNULL = YES;
				CLANG_ANALYZER_NUMBER_OBJECT_CONVERSION = YES_AGGRESSIVE;
				CLANG_CXX_LANGUAGE_STANDARD = "gnu++14";
				CLANG_CXX_LIBRARY = "libc++";
				CLANG_ENABLE_MODULES = YES;
				CLANG_ENABLE_OBJC_ARC = YES;
				CLANG_ENABLE_OBJC_WEAK = YES;
				CLANG_WARN_BLOCK_CAPTURE_AUTORELEASING = YES;
				CLANG_WARN_BOOL_CONVERSION = YES;
				CLANG_WARN_COMMA = YES;
				CLANG_WARN_CONSTANT_CONVERSION = YES;
				CLANG_WARN_DEPRECATED_OBJC_IMPLEMENTATIONS = YES;
				CLANG_WARN_DIRECT_OBJC_ISA_USAGE = YES_ERROR;
				CLANG_WARN_DOCUMENTATION_COMMENTS = YES;
				CLANG_WARN_EMPTY_BODY = YES;
				CLANG_WARN_ENUM_CONVERSION = YES;
				CLANG_WARN_INFINITE_RECURSION = YES;
				CLANG_WARN_INT_CONVERSION = YES;
				CLANG_WARN_NON_LITERAL_NULL_CONVERSION = YES;
				CLANG_WARN_OBJC_IMPLICIT_RETAIN_SELF = YES;
				CLANG_WARN_OBJC_LITERAL_CONVERSION = YES;
				CLANG_WARN_OBJC_ROOT_CLASS = YES_ERROR;
				CLANG_WARN_QUOTED_INCLUDE_IN_FRAMEWORK_HEADER = YES;
				CLANG_WARN_RANGE_LOOP_ANALYSIS = YES;
				CLANG_WARN_STRICT_PROTOTYPES = YES;
				CLANG_WARN_SUSPICIOUS_MOVE = YES;
				CLANG_WARN_UNGUARDED_AVAILABILITY = YES_AGGRESSIVE;
				CLANG_WARN_UNREACHABLE_CODE = YES;
				CLANG_WARN__DUPLICATE_METHOD_MATCH = YES;
				COPY_PHASE_STRIP = NO;
				DEBUG_INFORMATION_FORMAT = dwarf;
				ENABLE_STRICT_OBJC_MSGSEND = YES;
				ENABLE_TESTABILITY = YES;
				GCC_C_LANGUAGE_STANDARD = gnu11;
				GCC_DYNAMIC_NO_PIC = NO;
				GCC_NO_COMMON_BLOCKS = YES;
				GCC_OPTIMIZATION_LEVEL = 0;
				GCC_PREPROCESSOR_DEFINITIONS = (
					"DEBUG=1",
					"$(inherited)",
				);
				GCC_WARN_64_TO_32_BIT_CONVERSION = YES;
				GCC_WARN_ABOUT_RETURN_TYPE = YES_ERROR;
				GCC_WARN_UNDECLARED_SELECTOR = YES;
				GCC_WARN_UNINITIALIZED_AUTOS = YES_AGGRESSIVE;
				GCC_WARN_UNUSED_FUNCTION = YES;
				GCC_WARN_UNUSED_VARIABLE = YES;
				IPHONEOS_DEPLOYMENT_TARGET = 14.5;
				MTL_ENABLE_DEBUG_INFO = INCLUDE_SOURCE;
				MTL_FAST_MATH = YES;
				ONLY_ACTIVE_ARCH = YES;
				SDKROOT = iphoneos;
				SWIFT_ACTIVE_COMPILATION_CONDITIONS = DEBUG;
				SWIFT_OPTIMIZATION_LEVEL = "-Onone";
			};
			name = Debug;
		};
		DAE9C2C926806BE50016680D /* Release */ = {
			isa = XCBuildConfiguration;
			buildSettings = {
				ALWAYS_SEARCH_USER_PATHS = NO;
				CLANG_ANALYZER_NONNULL = YES;
				CLANG_ANALYZER_NUMBER_OBJECT_CONVERSION = YES_AGGRESSIVE;
				CLANG_CXX_LANGUAGE_STANDARD = "gnu++14";
				CLANG_CXX_LIBRARY = "libc++";
				CLANG_ENABLE_MODULES = YES;
				CLANG_ENABLE_OBJC_ARC = YES;
				CLANG_ENABLE_OBJC_WEAK = YES;
				CLANG_WARN_BLOCK_CAPTURE_AUTORELEASING = YES;
				CLANG_WARN_BOOL_CONVERSION = YES;
				CLANG_WARN_COMMA = YES;
				CLANG_WARN_CONSTANT_CONVERSION = YES;
				CLANG_WARN_DEPRECATED_OBJC_IMPLEMENTATIONS = YES;
				CLANG_WARN_DIRECT_OBJC_ISA_USAGE = YES_ERROR;
				CLANG_WARN_DOCUMENTATION_COMMENTS = YES;
				CLANG_WARN_EMPTY_BODY = YES;
				CLANG_WARN_ENUM_CONVERSION = YES;
				CLANG_WARN_INFINITE_RECURSION = YES;
				CLANG_WARN_INT_CONVERSION = YES;
				CLANG_WARN_NON_LITERAL_NULL_CONVERSION = YES;
				CLANG_WARN_OBJC_IMPLICIT_RETAIN_SELF = YES;
				CLANG_WARN_OBJC_LITERAL_CONVERSION = YES;
				CLANG_WARN_OBJC_ROOT_CLASS = YES_ERROR;
				CLANG_WARN_QUOTED_INCLUDE_IN_FRAMEWORK_HEADER = YES;
				CLANG_WARN_RANGE_LOOP_ANALYSIS = YES;
				CLANG_WARN_STRICT_PROTOTYPES = YES;
				CLANG_WARN_SUSPICIOUS_MOVE = YES;
				CLANG_WARN_UNGUARDED_AVAILABILITY = YES_AGGRESSIVE;
				CLANG_WARN_UNREACHABLE_CODE = YES;
				CLANG_WARN__DUPLICATE_METHOD_MATCH = YES;
				COPY_PHASE_STRIP = NO;
				DEBUG_INFORMATION_FORMAT = "dwarf-with-dsym";
				ENABLE_NS_ASSERTIONS = NO;
				ENABLE_STRICT_OBJC_MSGSEND = YES;
				GCC_C_LANGUAGE_STANDARD = gnu11;
				GCC_NO_COMMON_BLOCKS = YES;
				GCC_WARN_64_TO_32_BIT_CONVERSION = YES;
				GCC_WARN_ABOUT_RETURN_TYPE = YES_ERROR;
				GCC_WARN_UNDECLARED_SELECTOR = YES;
				GCC_WARN_UNINITIALIZED_AUTOS = YES_AGGRESSIVE;
				GCC_WARN_UNUSED_FUNCTION = YES;
				GCC_WARN_UNUSED_VARIABLE = YES;
				IPHONEOS_DEPLOYMENT_TARGET = 14.5;
				MTL_ENABLE_DEBUG_INFO = NO;
				MTL_FAST_MATH = YES;
				SDKROOT = iphoneos;
				SWIFT_COMPILATION_MODE = wholemodule;
				SWIFT_OPTIMIZATION_LEVEL = "-O";
				VALIDATE_PRODUCT = YES;
			};
			name = Release;
		};
		DAE9C2CB26806BE50016680D /* Debug */ = {
			isa = XCBuildConfiguration;
			baseConfigurationReference = 0F99D11CF8ED5CB28B7A54CD /* Pods-renovate_test_public.debug.xcconfig */;
			buildSettings = {
				ASSETCATALOG_COMPILER_APPICON_NAME = AppIcon;
				ASSETCATALOG_COMPILER_GLOBAL_ACCENT_COLOR_NAME = AccentColor;
				CODE_SIGN_STYLE = Automatic;
				DEVELOPMENT_ASSET_PATHS = "\"renovate_test_public/Preview Content\"";
				DEVELOPMENT_TEAM = WAJ5668WLS;
				ENABLE_PREVIEWS = YES;
				INFOPLIST_FILE = renovate_test_public/Info.plist;
				LD_RUNPATH_SEARCH_PATHS = (
					"$(inherited)",
					"@executable_path/Frameworks",
				);
				PRODUCT_BUNDLE_IDENTIFIER = "com.cvv.renovate-test-public";
				PRODUCT_NAME = "$(TARGET_NAME)";
				SWIFT_VERSION = 5.0;
				TARGETED_DEVICE_FAMILY = "1,2";
			};
			name = Debug;
		};
		DAE9C2CC26806BE50016680D /* Release */ = {
			isa = XCBuildConfiguration;
			baseConfigurationReference = AC508D4E853A2DD0FFB67653 /* Pods-renovate_test_public.release.xcconfig */;
			buildSettings = {
				ASSETCATALOG_COMPILER_APPICON_NAME = AppIcon;
				ASSETCATALOG_COMPILER_GLOBAL_ACCENT_COLOR_NAME = AccentColor;
				CODE_SIGN_STYLE = Automatic;
				DEVELOPMENT_ASSET_PATHS = "\"renovate_test_public/Preview Content\"";
				DEVELOPMENT_TEAM = WAJ5668WLS;
				ENABLE_PREVIEWS = YES;
				INFOPLIST_FILE = renovate_test_public/Info.plist;
				LD_RUNPATH_SEARCH_PATHS = (
					"$(inherited)",
					"@executable_path/Frameworks",
				);
				PRODUCT_BUNDLE_IDENTIFIER = "com.cvv.renovate-test-public";
				PRODUCT_NAME = "$(TARGET_NAME)";
				SWIFT_VERSION = 5.0;
				TARGETED_DEVICE_FAMILY = "1,2";
			};
			name = Release;
		};
/* End XCBuildConfiguration section */

/* Begin XCConfigurationList section */
		DAE9C2B126806BE10016680D /* Build configuration list for PBXProject "renovate_test_public" */ = {
			isa = XCConfigurationList;
			buildConfigurations = (
				DAE9C2C826806BE50016680D /* Debug */,
				DAE9C2C926806BE50016680D /* Release */,
			);
			defaultConfigurationIsVisible = 0;
			defaultConfigurationName = Release;
		};
		DAE9C2CA26806BE50016680D /* Build configuration list for PBXNativeTarget "renovate_test_public" */ = {
			isa = XCConfigurationList;
			buildConfigurations = (
				DAE9C2CB26806BE50016680D /* Debug */,
				DAE9C2CC26806BE50016680D /* Release */,
			);
			defaultConfigurationIsVisible = 0;
			defaultConfigurationName = Release;
		};
/* End XCConfigurationList section */
	};
	rootObject = DAE9C2AE26806BE10016680D /* Project object */;
}
